
Microsoft Visual Studio Solution File, Format Version 12.00
# Visual Studio Version 16
VisualStudioVersion = 16.0.30517.126
MinimumVisualStudioVersion = 10.0.40219.1
Project("{9A19103F-16F7-4668-BE54-9A1E7A4F7556}") = "SagaExample", "ConsoleApp1\SagaExample.csproj", "{88226131-566A-45C1-B2F9-FC3EAE4BDC4F}"
EndProject
Project("{9A19103F-16F7-4668-BE54-9A1E7A4F7556}") = "Microservice", "Microservise\Microservice.csproj", "{66FADC50-251E-45D5-B5A5-AD34F19B84D2}"
EndProject
Project("{9A19103F-16F7-4668-BE54-9A1E7A4F7556}") = "Core", "Core\Core.csproj", "{15613373-F418-4960-A246-B4B50433750B}"
EndProject
Project("{9A19103F-16F7-4668-BE54-9A1E7A4F7556}") = "EventBus", "EventBus\EventBus.csproj", "{E08E5FC0-EDBF-4F3A-A7F3-906F2954202F}"
EndProject
Project("{9A19103F-16F7-4668-BE54-9A1E7A4F7556}") = "Saga", "Saga\Saga.csproj", "{4BCA9B56-317F-4482-A2E4-5F9A51FCECAE}"
EndProject
Global
	GlobalSection(SolutionConfigurationPlatforms) = preSolution
		Debug|Any CPU = Debug|Any CPU
		Release|Any CPU = Release|Any CPU
	EndGlobalSection
	GlobalSection(ProjectConfigurationPlatforms) = postSolution
		{88226131-566A-45C1-B2F9-FC3EAE4BDC4F}.Debug|Any CPU.ActiveCfg = Debug|Any CPU
		{88226131-566A-45C1-B2F9-FC3EAE4BDC4F}.Debug|Any CPU.Build.0 = Debug|Any CPU
		{88226131-566A-45C1-B2F9-FC3EAE4BDC4F}.Release|Any CPU.ActiveCfg = Release|Any CPU
		{88226131-566A-45C1-B2F9-FC3EAE4BDC4F}.Release|Any CPU.Build.0 = Release|Any CPU
		{66FADC50-251E-45D5-B5A5-AD34F19B84D2}.Debug|Any CPU.ActiveCfg = Debug|Any CPU
		{66FADC50-251E-45D5-B5A5-AD34F19B84D2}.Debug|Any CPU.Build.0 = Debug|Any CPU
		{66FADC50-251E-45D5-B5A5-AD34F19B84D2}.Release|Any CPU.ActiveCfg = Release|Any CPU
		{66FADC50-251E-45D5-B5A5-AD34F19B84D2}.Release|Any CPU.Build.0 = Release|Any CPU
		{15613373-F418-4960-A246-B4B50433750B}.Debug|Any CPU.ActiveCfg = Debug|Any CPU
		{15613373-F418-4960-A246-B4B50433750B}.Debug|Any CPU.Build.0 = Debug|Any CPU
		{15613373-F418-4960-A246-B4B50433750B}.Release|Any CPU.ActiveCfg = Release|Any CPU
		{15613373-F418-4960-A246-B4B50433750B}.Release|Any CPU.Build.0 = Release|Any CPU
		{E08E5FC0-EDBF-4F3A-A7F3-906F2954202F}.Debug|Any CPU.ActiveCfg = Debug|Any CPU
		{E08E5FC0-EDBF-4F3A-A7F3-906F2954202F}.Debug|Any CPU.Build.0 = Debug|Any CPU
		{E08E5FC0-EDBF-4F3A-A7F3-906F2954202F}.Release|Any CPU.ActiveCfg = Release|Any CPU
		{E08E5FC0-EDBF-4F3A-A7F3-906F2954202F}.Release|Any CPU.Build.0 = Release|Any CPU
		{4BCA9B56-317F-4482-A2E4-5F9A51FCECAE}.Debug|Any CPU.ActiveCfg = Debug|Any CPU
		{4BCA9B56-317F-4482-A2E4-5F9A51FCECAE}.Debug|Any CPU.Build.0 = Debug|Any CPU
		{4BCA9B56-317F-4482-A2E4-5F9A51FCECAE}.Release|Any CPU.ActiveCfg = Release|Any CPU
		{4BCA9B56-317F-4482-A2E4-5F9A51FCECAE}.Release|Any CPU.Build.0 = Release|Any CPU
	EndGlobalSection
	GlobalSection(SolutionProperties) = preSolution
		HideSolutionNode = FALSE
	EndGlobalSection
	GlobalSection(ExtensibilityGlobals) = postSolution
		SolutionGuid = {64E9DDEB-4854-4A54-B831-4839539D3B45}
	EndGlobalSection
EndGlobal
