
Microsoft Visual Studio Solution File, Format Version 12.00
# Visual Studio Version 16
VisualStudioVersion = 16.0.30517.126
MinimumVisualStudioVersion = 10.0.40219.1
Project("{9A19103F-16F7-4668-BE54-9A1E7A4F7556}") = "Core", "App\Core\Core.csproj", "{15613373-F418-4960-A246-B4B50433750B}"
EndProject
Project("{9A19103F-16F7-4668-BE54-9A1E7A4F7556}") = "EventBus", "App\EventBus\EventBus.csproj", "{E08E5FC0-EDBF-4F3A-A7F3-906F2954202F}"
EndProject
Project("{9A19103F-16F7-4668-BE54-9A1E7A4F7556}") = "Saga", "Core\Saga\Saga.csproj", "{4BCA9B56-317F-4482-A2E4-5F9A51FCECAE}"
EndProject
Project("{2150E333-8FDC-42A3-9474-1A3956D46DE8}") = "Core", "Core", "{6366C8DE-BC49-4C1C-9B37-7AF9AF612B56}"
EndProject
Project("{9A19103F-16F7-4668-BE54-9A1E7A4F7556}") = "Core.Data", "Core\Core.Data\Core.Data.csproj", "{23697007-AA45-4290-8B70-6FA077C18861}"
EndProject
Project("{9A19103F-16F7-4668-BE54-9A1E7A4F7556}") = "Core.UserStory", "Core\Core.UserStory\Core.UserStory.csproj", "{8795C258-DACE-44A4-8826-64CAE03B32EE}"
EndProject
Project("{2150E333-8FDC-42A3-9474-1A3956D46DE8}") = "App", "App", "{F2AFDD65-B3DD-4420-8D43-C7333B8E2136}"
EndProject
Project("{9A19103F-16F7-4668-BE54-9A1E7A4F7556}") = "MicroserviceGateway", "App\MicroserviceGateway\MicroserviceGateway.csproj", "{8ACF302C-B3F2-4242-8D4C-EC59EEBFAEFD}"
EndProject
Project("{9A19103F-16F7-4668-BE54-9A1E7A4F7556}") = "MicroserviceCarReservation", "App\MicroserviceCarReservation\MicroserviceCarReservation.csproj", "{8B781AB0-BAB7-4006-A428-12E59926EB8A}"
EndProject
Project("{9A19103F-16F7-4668-BE54-9A1E7A4F7556}") = "MicroserviceHotelReservation", "App\MicroserviceHotelReservation\MicroserviceHotelReservation.csproj", "{3239D827-4254-492B-8DCF-1C451DC854A5}"
EndProject
Project("{E53339B2-1760-4266-BCC7-CA923CBCF16C}") = "docker-compose", "docker-compose.dcproj", "{31B68924-882A-4349-B1BE-1DBA985A0808}"
EndProject
Global
	GlobalSection(SolutionConfigurationPlatforms) = preSolution
		Debug|Any CPU = Debug|Any CPU
		Release|Any CPU = Release|Any CPU
	EndGlobalSection
	GlobalSection(ProjectConfigurationPlatforms) = postSolution
		{15613373-F418-4960-A246-B4B50433750B}.Debug|Any CPU.ActiveCfg = Debug|Any CPU
		{15613373-F418-4960-A246-B4B50433750B}.Debug|Any CPU.Build.0 = Debug|Any CPU
		{15613373-F418-4960-A246-B4B50433750B}.Release|Any CPU.ActiveCfg = Release|Any CPU
		{15613373-F418-4960-A246-B4B50433750B}.Release|Any CPU.Build.0 = Release|Any CPU
		{E08E5FC0-EDBF-4F3A-A7F3-906F2954202F}.Debug|Any CPU.ActiveCfg = Debug|Any CPU
		{E08E5FC0-EDBF-4F3A-A7F3-906F2954202F}.Debug|Any CPU.Build.0 = Debug|Any CPU
		{E08E5FC0-EDBF-4F3A-A7F3-906F2954202F}.Release|Any CPU.ActiveCfg = Release|Any CPU
		{E08E5FC0-EDBF-4F3A-A7F3-906F2954202F}.Release|Any CPU.Build.0 = Release|Any CPU
		{4BCA9B56-317F-4482-A2E4-5F9A51FCECAE}.Debug|Any CPU.ActiveCfg = Debug|Any CPU
		{4BCA9B56-317F-4482-A2E4-5F9A51FCECAE}.Debug|Any CPU.Build.0 = Debug|Any CPU
		{4BCA9B56-317F-4482-A2E4-5F9A51FCECAE}.Release|Any CPU.ActiveCfg = Release|Any CPU
		{4BCA9B56-317F-4482-A2E4-5F9A51FCECAE}.Release|Any CPU.Build.0 = Release|Any CPU
		{23697007-AA45-4290-8B70-6FA077C18861}.Debug|Any CPU.ActiveCfg = Debug|Any CPU
		{23697007-AA45-4290-8B70-6FA077C18861}.Debug|Any CPU.Build.0 = Debug|Any CPU
		{23697007-AA45-4290-8B70-6FA077C18861}.Release|Any CPU.ActiveCfg = Release|Any CPU
		{23697007-AA45-4290-8B70-6FA077C18861}.Release|Any CPU.Build.0 = Release|Any CPU
		{8795C258-DACE-44A4-8826-64CAE03B32EE}.Debug|Any CPU.ActiveCfg = Debug|Any CPU
		{8795C258-DACE-44A4-8826-64CAE03B32EE}.Debug|Any CPU.Build.0 = Debug|Any CPU
		{8795C258-DACE-44A4-8826-64CAE03B32EE}.Release|Any CPU.ActiveCfg = Release|Any CPU
		{8795C258-DACE-44A4-8826-64CAE03B32EE}.Release|Any CPU.Build.0 = Release|Any CPU
		{8ACF302C-B3F2-4242-8D4C-EC59EEBFAEFD}.Debug|Any CPU.ActiveCfg = Debug|Any CPU
		{8ACF302C-B3F2-4242-8D4C-EC59EEBFAEFD}.Debug|Any CPU.Build.0 = Debug|Any CPU
		{8ACF302C-B3F2-4242-8D4C-EC59EEBFAEFD}.Release|Any CPU.ActiveCfg = Release|Any CPU
		{8ACF302C-B3F2-4242-8D4C-EC59EEBFAEFD}.Release|Any CPU.Build.0 = Release|Any CPU
		{8B781AB0-BAB7-4006-A428-12E59926EB8A}.Debug|Any CPU.ActiveCfg = Debug|Any CPU
		{8B781AB0-BAB7-4006-A428-12E59926EB8A}.Debug|Any CPU.Build.0 = Debug|Any CPU
		{8B781AB0-BAB7-4006-A428-12E59926EB8A}.Release|Any CPU.ActiveCfg = Release|Any CPU
		{8B781AB0-BAB7-4006-A428-12E59926EB8A}.Release|Any CPU.Build.0 = Release|Any CPU
		{3239D827-4254-492B-8DCF-1C451DC854A5}.Debug|Any CPU.ActiveCfg = Debug|Any CPU
		{3239D827-4254-492B-8DCF-1C451DC854A5}.Debug|Any CPU.Build.0 = Debug|Any CPU
		{3239D827-4254-492B-8DCF-1C451DC854A5}.Release|Any CPU.ActiveCfg = Release|Any CPU
		{3239D827-4254-492B-8DCF-1C451DC854A5}.Release|Any CPU.Build.0 = Release|Any CPU
		{31B68924-882A-4349-B1BE-1DBA985A0808}.Debug|Any CPU.ActiveCfg = Debug|Any CPU
		{31B68924-882A-4349-B1BE-1DBA985A0808}.Debug|Any CPU.Build.0 = Debug|Any CPU
		{31B68924-882A-4349-B1BE-1DBA985A0808}.Release|Any CPU.ActiveCfg = Release|Any CPU
		{31B68924-882A-4349-B1BE-1DBA985A0808}.Release|Any CPU.Build.0 = Release|Any CPU
	EndGlobalSection
	GlobalSection(SolutionProperties) = preSolution
		HideSolutionNode = FALSE
	EndGlobalSection
	GlobalSection(NestedProjects) = preSolution
		{15613373-F418-4960-A246-B4B50433750B} = {F2AFDD65-B3DD-4420-8D43-C7333B8E2136}
		{E08E5FC0-EDBF-4F3A-A7F3-906F2954202F} = {F2AFDD65-B3DD-4420-8D43-C7333B8E2136}
		{4BCA9B56-317F-4482-A2E4-5F9A51FCECAE} = {6366C8DE-BC49-4C1C-9B37-7AF9AF612B56}
		{23697007-AA45-4290-8B70-6FA077C18861} = {6366C8DE-BC49-4C1C-9B37-7AF9AF612B56}
		{8795C258-DACE-44A4-8826-64CAE03B32EE} = {6366C8DE-BC49-4C1C-9B37-7AF9AF612B56}
		{8ACF302C-B3F2-4242-8D4C-EC59EEBFAEFD} = {F2AFDD65-B3DD-4420-8D43-C7333B8E2136}
		{8B781AB0-BAB7-4006-A428-12E59926EB8A} = {F2AFDD65-B3DD-4420-8D43-C7333B8E2136}
		{3239D827-4254-492B-8DCF-1C451DC854A5} = {F2AFDD65-B3DD-4420-8D43-C7333B8E2136}
	EndGlobalSection
	GlobalSection(ExtensibilityGlobals) = postSolution
		SolutionGuid = {64E9DDEB-4854-4A54-B831-4839539D3B45}
	EndGlobalSection
EndGlobal
